
Microsoft Visual Studio Solution File, Format Version 12.00
# Visual Studio 15
VisualStudioVersion = 15.0.27703.2042
MinimumVisualStudioVersion = 10.0.40219.1
Project("{DA7A21FA-8162-4350-AD77-A8D1B671F3ED}") = "RProject1", "RProject1\RProject1.rxproj", "{7EDF177B-14D0-4286-98CB-059212294072}"
EndProject
Global
	GlobalSection(SolutionConfigurationPlatforms) = preSolution
		Debug|Any CPU = Debug|Any CPU
		Release|Any CPU = Release|Any CPU
	EndGlobalSection
	GlobalSection(ProjectConfigurationPlatforms) = postSolution
		{7EDF177B-14D0-4286-98CB-059212294072}.Debug|Any CPU.ActiveCfg = Debug|Any CPU
		{7EDF177B-14D0-4286-98CB-059212294072}.Debug|Any CPU.Build.0 = Debug|Any CPU
		{7EDF177B-14D0-4286-98CB-059212294072}.Release|Any CPU.ActiveCfg = Release|Any CPU
		{7EDF177B-14D0-4286-98CB-059212294072}.Release|Any CPU.Build.0 = Release|Any CPU
	EndGlobalSection
	GlobalSection(SolutionProperties) = preSolution
		HideSolutionNode = FALSE
	EndGlobalSection
	GlobalSection(ExtensibilityGlobals) = postSolution
		SolutionGuid = {F43B8CBF-C52B-4EBE-947B-F4D444EC6702}
	EndGlobalSection
EndGlobal
